
Microsoft Visual Studio Solution File, Format Version 12.00
# Visual Studio 15
VisualStudioVersion = 15.0.28307.705
MinimumVisualStudioVersion = 10.0.40219.1
Project("{888888A0-9F3D-457C-B088-3A5042F75D52}") = "DjangoWebProject", "DjangoWebProject\DjangoWebProject.pyproj", "{1197D9FC-D543-4962-955D-193636C98C87}"
EndProject
Global
	GlobalSection(SolutionConfigurationPlatforms) = preSolution
		Debug|Any CPU = Debug|Any CPU
		Release|Any CPU = Release|Any CPU
	EndGlobalSection
	GlobalSection(ProjectConfigurationPlatforms) = postSolution
		{1197D9FC-D543-4962-955D-193636C98C87}.Debug|Any CPU.ActiveCfg = Debug|Any CPU
		{1197D9FC-D543-4962-955D-193636C98C87}.Debug|Any CPU.Build.0 = Debug|Any CPU
		{1197D9FC-D543-4962-955D-193636C98C87}.Release|Any CPU.ActiveCfg = Release|Any CPU
		{1197D9FC-D543-4962-955D-193636C98C87}.Release|Any CPU.Build.0 = Release|Any CPU
	EndGlobalSection
	GlobalSection(SolutionProperties) = preSolution
		HideSolutionNode = FALSE
	EndGlobalSection
	GlobalSection(ExtensibilityGlobals) = postSolution
		SolutionGuid = {0F037828-4029-4611-95B8-86924850A17A}
	EndGlobalSection
EndGlobal
